
Microsoft Visual Studio Solution File, Format Version 12.00
# Visual Studio Version 17
VisualStudioVersion = 17.14.36408.4 d17.14
MinimumVisualStudioVersion = 10.0.40219.1
Project("{FAE04EC0-301F-11D3-BF4B-00C04F79EFBC}") = "First_App", "First_App\First_App.csproj", "{5CD77526-3F84-4319-BD5D-58821B8B855D}"
EndProject
Global
	GlobalSection(SolutionConfigurationPlatforms) = preSolution
		Debug|Any CPU = Debug|Any CPU
		Release|Any CPU = Release|Any CPU
	EndGlobalSection
	GlobalSection(ProjectConfigurationPlatforms) = postSolution
		{5CD77526-3F84-4319-BD5D-58821B8B855D}.Debug|Any CPU.ActiveCfg = Debug|Any CPU
		{5CD77526-3F84-4319-BD5D-58821B8B855D}.Debug|Any CPU.Build.0 = Debug|Any CPU
		{5CD77526-3F84-4319-BD5D-58821B8B855D}.Release|Any CPU.ActiveCfg = Release|Any CPU
		{5CD77526-3F84-4319-BD5D-58821B8B855D}.Release|Any CPU.Build.0 = Release|Any CPU
	EndGlobalSection
	GlobalSection(SolutionProperties) = preSolution
		HideSolutionNode = FALSE
	EndGlobalSection
	GlobalSection(ExtensibilityGlobals) = postSolution
		SolutionGuid = {AE090121-F8C7-4860-BA7B-02F408EB4349}
	EndGlobalSection
EndGlobal
